<?xml version="1.0" encoding="utf-8"?>
<Project ToolsVersion="4.0" xmlns="http://schemas.microsoft.com/developer/msbuild/2003">
  <ItemGroup>
    <Filter Include="Source Files">
      <UniqueIdentifier>{4FC737F1-C7A5-4376-A066-2A32D752A2FF}</UniqueIdentifier>
      <Extensions>cpp;c;cc;cxx;def;odl;idl;hpj;bat;asm;asmx</Extensions>
    </Filter>
    <Filter Include="Header Files">
      <UniqueIdentifier>{93995380-89BD-4b04-88EB-625FBE52EBFB}</UniqueIdentifier>
      <Extensions>h;hh;hpp;hxx;hm;inl;inc;xsd</Extensions>
    </Filter>
    <Filter Include="Resource Files">
      <UniqueIdentifier>{67DA6AB6-F800-4c08-8B7A-83BB121AAD01}</UniqueIdentifier>
      <Extensions>rc;ico;cur;bmp;dlg;rc2;rct;bin;rgs;gif;jpg;jpeg;jpe;resx;tiff;tif;png;wav</Extensions>
    </Filter>
  </ItemGroup>
  <ItemGroup>
    <ClCompile Include="main.cpp">
      <Filter>Source Files</Filter>
    </ClCompile>
    <ClCompile Include="Src\Matrix.cpp">
      <Filter>Source Files</Filter>
    </ClCompile>
    <ClCompile Include="Src\Normal.cpp">
      <Filter>Source Files</Filter>
    </ClCompile>
    <ClCompile Include="Src\Plane.cpp">
      <Filter>Source Files</Filter>
    </ClCompile>
    <ClCompile Include="Src\Point3D.cpp">
      <Filter>Source Files</Filter>
    </ClCompile>
    <ClCompile Include="Src\Ray.cpp">
      <Filter>Source Files</Filter>
    </ClCompile>
    <ClCompile Include="Src\RGBColor.cpp">
      <Filter>Source Files</Filter>
    </ClCompile>
    <ClCompile Include="Src\Sphere.cpp">
      <Filter>Source Files</Filter>
    </ClCompile>
    <ClCompile Include="Src\Tracer.cpp">
      <Filter>Source Files</Filter>
    </ClCompile>
    <ClCompile Include="Src\Vector3D.cpp">
      <Filter>Source Files</Filter>
    </ClCompile>
    <ClCompile Include="Src\GeometricObject.cpp">
      <Filter>Source Files</Filter>
    </ClCompile>
    <ClCompile Include="Src\ShadeRec.cpp">
      <Filter>Source Files</Filter>
    </ClCompile>
    <ClCompile Include="Src\ViewPlane.cpp">
      <Filter>Source Files</Filter>
    </ClCompile>
    <ClCompile Include="Src\World.cpp">
      <Filter>Source Files</Filter>
    </ClCompile>
    <ClCompile Include="Src\Maths.cpp">
      <Filter>Source Files</Filter>
    </ClCompile>
    <ClCompile Include="Src\SingleSphere.cpp">
      <Filter>Source Files</Filter>
    </ClCompile>
    <ClCompile Include="Src\MultipleObjects.cpp">
      <Filter>Source Files</Filter>
    </ClCompile>
    <ClCompile Include="Src\Sampler.cpp">
      <Filter>Source Files</Filter>
    </ClCompile>
    <ClCompile Include="Src\Regular.cpp">
      <Filter>Source Files</Filter>
    </ClCompile>
    <ClCompile Include="Src\Point2D.cpp">
      <Filter>Source Files</Filter>
    </ClCompile>
    <ClCompile Include="Src\MultiJittered.cpp">
      <Filter>Source Files</Filter>
    </ClCompile>
    <ClCompile Include="Src\Camera.cpp">
      <Filter>Source Files</Filter>
    </ClCompile>
    <ClCompile Include="Src\Pinhole.cpp">
      <Filter>Source Files</Filter>
    </ClCompile>
    <ClCompile Include="Src\ThinLens.cpp">
      <Filter>Source Files</Filter>
    </ClCompile>
    <ClCompile Include="Src\FishEye.cpp">
      <Filter>Source Files</Filter>
    </ClCompile>
    <ClCompile Include="Src\Spherical.cpp">
      <Filter>Source Files</Filter>
    </ClCompile>
    <ClCompile Include="Src\StereoCamera.cpp">
      <Filter>Source Files</Filter>
    </ClCompile>
    <ClCompile Include="Src\Directional.cpp">
      <Filter>Source Files</Filter>
    </ClCompile>
    <ClCompile Include="Src\Ambient.cpp">
      <Filter>Source Files</Filter>
    </ClCompile>
    <ClCompile Include="Src\Lambertian.cpp">
      <Filter>Source Files</Filter>
    </ClCompile>
    <ClCompile Include="Src\Light.cpp">
      <Filter>Source Files</Filter>
    </ClCompile>
    <ClCompile Include="Src\BRDF.cpp">
      <Filter>Source Files</Filter>
    </ClCompile>
    <ClCompile Include="Src\Material.cpp">
      <Filter>Source Files</Filter>
    </ClCompile>
    <ClCompile Include="Src\Matte.cpp">
      <Filter>Source Files</Filter>
    </ClCompile>
    <ClCompile Include="Src\RayCast.cpp">
      <Filter>Source Files</Filter>
    </ClCompile>
    <ClCompile Include="Src\PointLight.cpp">
      <Filter>Source Files</Filter>
    </ClCompile>
    <ClCompile Include="Src\GlossySpecular.cpp">
      <Filter>Source Files</Filter>
    </ClCompile>
    <ClCompile Include="Src\Phong.cpp">
      <Filter>Source Files</Filter>
    </ClCompile>
    <ClCompile Include="Src\AmbientOccluder.cpp">
      <Filter>Source Files</Filter>
    </ClCompile>
    <ClCompile Include="Src\AreaLighting.cpp">
      <Filter>Source Files</Filter>
    </ClCompile>
    <ClCompile Include="Src\Emissive.cpp">
      <Filter>Source Files</Filter>
    </ClCompile>
    <ClCompile Include="Src\Rectangle.cpp">
      <Filter>Source Files</Filter>
    </ClCompile>
    <ClCompile Include="Src\AreaLight.cpp">
      <Filter>Source Files</Filter>
    </ClCompile>
    <ClCompile Include="Src\EnvironmentLight.cpp">
      <Filter>Source Files</Filter>
    </ClCompile>
    <ClCompile Include="Src\Instance.cpp">
      <Filter>Source Files</Filter>
    </ClCompile>
    <ClCompile Include="Src\BBox.cpp">
      <Filter>Source Files</Filter>
    </ClCompile>
    <ClCompile Include="Src\Compound.cpp">
      <Filter>Source Files</Filter>
    </ClCompile>
    <ClCompile Include="Src\Grid.cpp">
      <Filter>Source Files</Filter>
    </ClCompile>
    <ClCompile Include="Src\Triangle.cpp">
      <Filter>Source Files</Filter>
    </ClCompile>
    <ClCompile Include="Src\SmoothTriangle.cpp">
      <Filter>Source Files</Filter>
    </ClCompile>
    <ClCompile Include="Src\Mesh.cpp">
      <Filter>Source Files</Filter>
    </ClCompile>
    <ClCompile Include="Src\MeshTriangle.cpp">
      <Filter>Source Files</Filter>
    </ClCompile>
    <ClCompile Include="Src\FlatMeshTriangle.cpp">
      <Filter>Source Files</Filter>
    </ClCompile>
    <ClCompile Include="Src\SmoothMeshTriangle.cpp">
      <Filter>Source Files</Filter>
    </ClCompile>
    <ClCompile Include="Src\ply.cpp">
      <Filter>Source Files</Filter>
    </ClCompile>
    <ClCompile Include="Src\Whitted.cpp">
      <Filter>Source Files</Filter>
    </ClCompile>
    <ClCompile Include="Src\PerfectSpecular.cpp">
      <Filter>Source Files</Filter>
    </ClCompile>
    <ClCompile Include="Src\Reflective.cpp">
      <Filter>Source Files</Filter>
    </ClCompile>
    <ClCompile Include="Src\GlossyReflector.cpp">
      <Filter>Source Files</Filter>
    </ClCompile>
    <ClCompile Include="Src\PathTrace.cpp">
      <Filter>Source Files</Filter>
    </ClCompile>
    <ClCompile Include="Src\GlobalTrace.cpp">
      <Filter>Source Files</Filter>
    </ClCompile>
    <ClCompile Include="Src\BTDF.cpp">
      <Filter>Source Files</Filter>
    </ClCompile>
    <ClCompile Include="Src\PerfectTransmitter.cpp">
      <Filter>Source Files</Filter>
    </ClCompile>
    <ClCompile Include="Src\Transparent.cpp">
      <Filter>Source Files</Filter>
    </ClCompile>
    <ClCompile Include="Src\FresnelReflector.cpp">
      <Filter>Source Files</Filter>
    </ClCompile>
    <ClCompile Include="Src\FresnelTransmitter.cpp">
      <Filter>Source Files</Filter>
    </ClCompile>
  </ItemGroup>
  <ItemGroup>
    <ClInclude Include="Src\Constants.h">
      <Filter>Header Files</Filter>
    </ClInclude>
    <ClInclude Include="Src\Matrix.h">
      <Filter>Header Files</Filter>
    </ClInclude>
    <ClInclude Include="Src\Normal.h">
      <Filter>Header Files</Filter>
    </ClInclude>
    <ClInclude Include="Src\Plane.h">
      <Filter>Header Files</Filter>
    </ClInclude>
    <ClInclude Include="Src\Point3D.h">
      <Filter>Header Files</Filter>
    </ClInclude>
    <ClInclude Include="Src\Ray.h">
      <Filter>Header Files</Filter>
    </ClInclude>
    <ClInclude Include="Src\RGBColor.h">
      <Filter>Header Files</Filter>
    </ClInclude>
    <ClInclude Include="Src\Sphere.h">
      <Filter>Header Files</Filter>
    </ClInclude>
    <ClInclude Include="Src\Tracer.h">
      <Filter>Header Files</Filter>
    </ClInclude>
    <ClInclude Include="Src\Vector3D.h">
      <Filter>Header Files</Filter>
    </ClInclude>
    <ClInclude Include="Src\GeometricObject.h">
      <Filter>Header Files</Filter>
    </ClInclude>
    <ClInclude Include="Src\ShadeRec.h">
      <Filter>Header Files</Filter>
    </ClInclude>
    <ClInclude Include="Src\ViewPlane.h">
      <Filter>Header Files</Filter>
    </ClInclude>
    <ClInclude Include="Src\World.h">
      <Filter>Header Files</Filter>
    </ClInclude>
    <ClInclude Include="Src\Maths.h">
      <Filter>Header Files</Filter>
    </ClInclude>
    <ClInclude Include="Src\SingleSphere.h">
      <Filter>Header Files</Filter>
    </ClInclude>
    <ClInclude Include="Src\MultipleObjects.h">
      <Filter>Header Files</Filter>
    </ClInclude>
    <ClInclude Include="Src\Sampler.h">
      <Filter>Header Files</Filter>
    </ClInclude>
    <ClInclude Include="Src\Regular.h">
      <Filter>Header Files</Filter>
    </ClInclude>
    <ClInclude Include="Src\Point2D.h">
      <Filter>Header Files</Filter>
    </ClInclude>
    <ClInclude Include="Src\MultiJittered.h">
      <Filter>Header Files</Filter>
    </ClInclude>
    <ClInclude Include="Src\Camera.h">
      <Filter>Header Files</Filter>
    </ClInclude>
    <ClInclude Include="Src\Pinhole.h">
      <Filter>Header Files</Filter>
    </ClInclude>
    <ClInclude Include="Src\ThinLens.h">
      <Filter>Header Files</Filter>
    </ClInclude>
    <ClInclude Include="Src\FishEye.h">
      <Filter>Header Files</Filter>
    </ClInclude>
    <ClInclude Include="Src\Spherical.h">
      <Filter>Header Files</Filter>
    </ClInclude>
    <ClInclude Include="Src\StereoCamera.h">
      <Filter>Header Files</Filter>
    </ClInclude>
    <ClInclude Include="Src\Ambient.h">
      <Filter>Header Files</Filter>
    </ClInclude>
    <ClInclude Include="Src\Directional.h">
      <Filter>Header Files</Filter>
    </ClInclude>
    <ClInclude Include="Src\Light.h">
      <Filter>Header Files</Filter>
    </ClInclude>
    <ClInclude Include="Src\Lambertian.h">
      <Filter>Header Files</Filter>
    </ClInclude>
    <ClInclude Include="Src\BRDF.h">
      <Filter>Header Files</Filter>
    </ClInclude>
    <ClInclude Include="Src\Material.h">
      <Filter>Header Files</Filter>
    </ClInclude>
    <ClInclude Include="Src\Matte.h">
      <Filter>Header Files</Filter>
    </ClInclude>
    <ClInclude Include="Src\RayCast.h">
      <Filter>Header Files</Filter>
    </ClInclude>
    <ClInclude Include="Src\PointLight.h">
      <Filter>Header Files</Filter>
    </ClInclude>
    <ClInclude Include="Src\GlossySpecular.h">
      <Filter>Header Files</Filter>
    </ClInclude>
    <ClInclude Include="Src\Phong.h">
      <Filter>Header Files</Filter>
    </ClInclude>
    <ClInclude Include="Src\AmbientOccluder.h">
      <Filter>Header Files</Filter>
    </ClInclude>
    <ClInclude Include="Src\AreaLighting.h">
      <Filter>Header Files</Filter>
    </ClInclude>
    <ClInclude Include="Src\Emissive.h">
      <Filter>Header Files</Filter>
    </ClInclude>
    <ClInclude Include="Src\Rectangle.h">
      <Filter>Header Files</Filter>
    </ClInclude>
    <ClInclude Include="Src\AreaLight.h">
      <Filter>Header Files</Filter>
    </ClInclude>
    <ClInclude Include="Src\EnvironmentLight.h">
      <Filter>Header Files</Filter>
    </ClInclude>
    <ClInclude Include="Src\Instance.h">
      <Filter>Header Files</Filter>
    </ClInclude>
    <ClInclude Include="Src\BBox.h">
      <Filter>Header Files</Filter>
    </ClInclude>
    <ClInclude Include="Src\Compound.h">
      <Filter>Header Files</Filter>
    </ClInclude>
    <ClInclude Include="Src\Grid.h">
      <Filter>Header Files</Filter>
    </ClInclude>
    <ClInclude Include="Src\Triangle.h">
      <Filter>Header Files</Filter>
    </ClInclude>
    <ClInclude Include="Src\SmoothTriangle.h">
      <Filter>Header Files</Filter>
    </ClInclude>
    <ClInclude Include="Src\Mesh.h">
      <Filter>Header Files</Filter>
    </ClInclude>
    <ClInclude Include="Src\MeshTriangle.h">
      <Filter>Header Files</Filter>
    </ClInclude>
    <ClInclude Include="Src\FlatMeshTriangle.h">
      <Filter>Header Files</Filter>
    </ClInclude>
    <ClInclude Include="Src\SmoothMeshTriangle.h">
      <Filter>Header Files</Filter>
    </ClInclude>
    <ClInclude Include="Src\ply.h">
      <Filter>Header Files</Filter>
    </ClInclude>
    <ClInclude Include="Src\Whitted.h">
      <Filter>Header Files</Filter>
    </ClInclude>
    <ClInclude Include="Src\PerfectSpecular.h">
      <Filter>Header Files</Filter>
    </ClInclude>
    <ClInclude Include="Src\Reflective.h">
      <Filter>Header Files</Filter>
    </ClInclude>
    <ClInclude Include="Src\GlossyReflector.h">
      <Filter>Header Files</Filter>
    </ClInclude>
    <ClInclude Include="Src\PathTrace.h">
      <Filter>Header Files</Filter>
    </ClInclude>
    <ClInclude Include="Src\GlobalTrace.h">
      <Filter>Header Files</Filter>
    </ClInclude>
    <ClInclude Include="Src\BTDF.h">
      <Filter>Header Files</Filter>
    </ClInclude>
    <ClInclude Include="Src\PerfectTransmitter.h">
      <Filter>Header Files</Filter>
    </ClInclude>
    <ClInclude Include="Src\Transparent.h">
      <Filter>Header Files</Filter>
    </ClInclude>
    <ClInclude Include="Src\FresnelReflector.h">
      <Filter>Header Files</Filter>
    </ClInclude>
    <ClInclude Include="Src\FresnelTransmitter.h">
      <Filter>Header Files</Filter>
    </ClInclude>
  </ItemGroup>
</Project>