<?xml version="1.0" encoding="utf-8"?>
<Project ToolsVersion="4.0" xmlns="http://schemas.microsoft.com/developer/msbuild/2003">
  <ItemGroup>
    <Filter Include="Source Files">
      <UniqueIdentifier>{4FC737F1-C7A5-4376-A066-2A32D752A2FF}</UniqueIdentifier>
      <Extensions>cpp;c;cc;cxx;def;odl;idl;hpj;bat;asm;asmx</Extensions>
    </Filter>
    <Filter Include="Header Files">
      <UniqueIdentifier>{93995380-89BD-4b04-88EB-625FBE52EBFB}</UniqueIdentifier>
      <Extensions>h;hh;hpp;hxx;hm;inl;inc;xsd</Extensions>
    </Filter>
    <Filter Include="Resource Files">
      <UniqueIdentifier>{67DA6AB6-F800-4c08-8B7A-83BB121AAD01}</UniqueIdentifier>
      <Extensions>rc;ico;cur;bmp;dlg;rc2;rct;bin;rgs;gif;jpg;jpeg;jpe;resx;tiff;tif;png;wav</Extensions>
    </Filter>
  </ItemGroup>
  <ItemGroup>
    <ClCompile Include="main.cpp">
      <Filter>Source Files</Filter>
    </ClCompile>
    <ClCompile Include="Src\Matrix.cpp">
      <Filter>Source Files</Filter>
    </ClCompile>
    <ClCompile Include="Src\Normal.cpp">
      <Filter>Source Files</Filter>
    </ClCompile>
    <ClCompile Include="Src\Plane.cpp">
      <Filter>Source Files</Filter>
    </ClCompile>
    <ClCompile Include="Src\Point3D.cpp">
      <Filter>Source Files</Filter>
    </ClCompile>
    <ClCompile Include="Src\Ray.cpp">
      <Filter>Source Files</Filter>
    </ClCompile>
    <ClCompile Include="Src\RGBColor.cpp">
      <Filter>Source Files</Filter>
    </ClCompile>
    <ClCompile Include="Src\Sphere.cpp">
      <Filter>Source Files</Filter>
    </ClCompile>
    <ClCompile Include="Src\Tracer.cpp">
      <Filter>Source Files</Filter>
    </ClCompile>
    <ClCompile Include="Src\Vector3D.cpp">
      <Filter>Source Files</Filter>
    </ClCompile>
    <ClCompile Include="Src\GeometricObject.cpp">
      <Filter>Source Files</Filter>
    </ClCompile>
    <ClCompile Include="Src\ShadeRec.cpp">
      <Filter>Source Files</Filter>
    </ClCompile>
    <ClCompile Include="Src\ViewPlane.cpp">
      <Filter>Source Files</Filter>
    </ClCompile>
    <ClCompile Include="Src\World.cpp">
      <Filter>Source Files</Filter>
    </ClCompile>
    <ClCompile Include="Src\Maths.cpp">
      <Filter>Source Files</Filter>
    </ClCompile>
    <ClCompile Include="Src\SingleSphere.cpp">
      <Filter>Source Files</Filter>
    </ClCompile>
    <ClCompile Include="Src\MultipleObjects.cpp">
      <Filter>Source Files</Filter>
    </ClCompile>
  </ItemGroup>
  <ItemGroup>
    <ClInclude Include="Src\Constants.h">
      <Filter>Header Files</Filter>
    </ClInclude>
    <ClInclude Include="Src\Matrix.h">
      <Filter>Header Files</Filter>
    </ClInclude>
    <ClInclude Include="Src\Normal.h">
      <Filter>Header Files</Filter>
    </ClInclude>
    <ClInclude Include="Src\Plane.h">
      <Filter>Header Files</Filter>
    </ClInclude>
    <ClInclude Include="Src\Point3D.h">
      <Filter>Header Files</Filter>
    </ClInclude>
    <ClInclude Include="Src\Ray.h">
      <Filter>Header Files</Filter>
    </ClInclude>
    <ClInclude Include="Src\RGBColor.h">
      <Filter>Header Files</Filter>
    </ClInclude>
    <ClInclude Include="Src\Sphere.h">
      <Filter>Header Files</Filter>
    </ClInclude>
    <ClInclude Include="Src\Tracer.h">
      <Filter>Header Files</Filter>
    </ClInclude>
    <ClInclude Include="Src\Vector3D.h">
      <Filter>Header Files</Filter>
    </ClInclude>
    <ClInclude Include="Src\GeometricObject.h">
      <Filter>Header Files</Filter>
    </ClInclude>
    <ClInclude Include="Src\ShadeRec.h">
      <Filter>Header Files</Filter>
    </ClInclude>
    <ClInclude Include="Src\ViewPlane.h">
      <Filter>Header Files</Filter>
    </ClInclude>
    <ClInclude Include="Src\World.h">
      <Filter>Header Files</Filter>
    </ClInclude>
    <ClInclude Include="Src\Maths.h">
      <Filter>Header Files</Filter>
    </ClInclude>
    <ClInclude Include="Src\SingleSphere.h">
      <Filter>Header Files</Filter>
    </ClInclude>
    <ClInclude Include="Src\MultipleObjects.h">
      <Filter>Header Files</Filter>
    </ClInclude>
  </ItemGroup>
</Project>